
Microsoft Visual Studio Solution File, Format Version 12.00
# Visual Studio Version 16
VisualStudioVersion = 16.0.29519.87
MinimumVisualStudioVersion = 10.0.40219.1
Project("{FAE04EC0-301F-11D3-BF4B-00C04F79EFBC}") = "Sprint2", "Sprint2\Sprint2.csproj", "{A0B33D81-5FB1-4F95-BF5C-26EEB4E8E85D}"
EndProject
Global
	GlobalSection(SolutionConfigurationPlatforms) = preSolution
		Debug|Any CPU = Debug|Any CPU
		Release|Any CPU = Release|Any CPU
	EndGlobalSection
	GlobalSection(ProjectConfigurationPlatforms) = postSolution
		{A0B33D81-5FB1-4F95-BF5C-26EEB4E8E85D}.Debug|Any CPU.ActiveCfg = Debug|Any CPU
		{A0B33D81-5FB1-4F95-BF5C-26EEB4E8E85D}.Debug|Any CPU.Build.0 = Debug|Any CPU
		{A0B33D81-5FB1-4F95-BF5C-26EEB4E8E85D}.Release|Any CPU.ActiveCfg = Release|Any CPU
		{A0B33D81-5FB1-4F95-BF5C-26EEB4E8E85D}.Release|Any CPU.Build.0 = Release|Any CPU
	EndGlobalSection
	GlobalSection(SolutionProperties) = preSolution
		HideSolutionNode = FALSE
	EndGlobalSection
	GlobalSection(ExtensibilityGlobals) = postSolution
		SolutionGuid = {A52922C7-112B-458C-9AF6-DB0E7DA3745A}
	EndGlobalSection
EndGlobal
